
Microsoft Visual Studio Solution File, Format Version 12.00
Project("{FAE04EC0-301F-11D3-BF4B-00C04F79EFBC}") = "Kos", "src\Kos\Kos.csproj", "{83259817-50D0-42B9-BC2D-6370E800425D}"
EndProject
Project("{FAE04EC0-301F-11D3-BF4B-00C04F79EFBC}") = "Kos.Example", "src\Kos.Example\Kos.Example.csproj", "{C6DD2F2B-4AF4-4533-BE30-0326756E2C7A}"
EndProject
Project("{2150E333-8FDC-42A3-9474-1A3956D46DE8}") = ".metadata", ".metadata", "{C9A38BF0-3FD7-45DA-ABA4-E51600651E77}"
ProjectSection(SolutionItems) = preProject
	stylecop.json = stylecop.json
	stylecop.ruleset = stylecop.ruleset
	KosApi.sln.DotSettings = KosApi.sln.DotSettings
EndProjectSection
EndProject
Global
	GlobalSection(SolutionConfigurationPlatforms) = preSolution
		Debug|Any CPU = Debug|Any CPU
		Release|Any CPU = Release|Any CPU
	EndGlobalSection
	GlobalSection(ProjectConfigurationPlatforms) = postSolution
		{83259817-50D0-42B9-BC2D-6370E800425D}.Debug|Any CPU.ActiveCfg = Debug|Any CPU
		{83259817-50D0-42B9-BC2D-6370E800425D}.Debug|Any CPU.Build.0 = Debug|Any CPU
		{83259817-50D0-42B9-BC2D-6370E800425D}.Release|Any CPU.ActiveCfg = Release|Any CPU
		{83259817-50D0-42B9-BC2D-6370E800425D}.Release|Any CPU.Build.0 = Release|Any CPU
		{C6DD2F2B-4AF4-4533-BE30-0326756E2C7A}.Debug|Any CPU.ActiveCfg = Debug|Any CPU
		{C6DD2F2B-4AF4-4533-BE30-0326756E2C7A}.Debug|Any CPU.Build.0 = Debug|Any CPU
		{C6DD2F2B-4AF4-4533-BE30-0326756E2C7A}.Release|Any CPU.ActiveCfg = Release|Any CPU
		{C6DD2F2B-4AF4-4533-BE30-0326756E2C7A}.Release|Any CPU.Build.0 = Release|Any CPU
	EndGlobalSection
EndGlobal
